github.com/creack/goselect v0.1.2 h1:2DNy14+JPjRBgPzAd1thbQp4BSIihxcBf0IXhQXDRa0=
github.com/creack/goselect v0.1.2/go.mod h1:a/NhLweNvqIYMuxcMOuWY516Cimucms3DglDzQP3hKY=
github.com/davecgh/go-spew v1.1.0 h1:ZDRjVQ15GmhC3fiQ8ni8+OwkZQO4DARzQgrnXU1Liz8=
github.com/diamondburned/gotk4-adwaita/pkg v0.0.0-20220417101956-dcc3707dc307 h1:7SvMQLBSty7Y+0gMBYi20JE4+rM+VbLWhZGMVKK3VQg=
github.com/diamondburned/gotk4-adwaita/pkg v0.0.0-20220417101956-dcc3707dc307/go.mod h1:ltZ0ffX+lhfOw+HlN3pROJ1fVJwo2hbFbLsRjlUtrlg=
github.com/diamondburned/gotk4/pkg v0.0.0-20220925114733-8c5529b9df15 h1:KjAeagrrvm20/EFCYiY41/NTnOlisFSVG4UnvwybTJ8=
github.com/diamondburned/gotk4/pkg v0.0.0-20220925114733-8c5529b9df15/go.mod h1:pjOFSZWuNWiBwEqt+4/zfPr1JsNWY43h4B81ht3S3Ag=
github.com/diamondburned/gotkit v0.0.0-20220927204852-c6db6b04288f h1:mBORs64bvm2+YFDp8rdMDnsXgTPNmz9OllI+VnbrCog=
github.com/diamondburned/gotkit v0.0.0-20220927204852-c6db6b04288f/go.mod h1:Z+pnNXzSY3AelxTH5ke0cc8yLanmDgRq7oy4/78hi/c=
github.com/pkg/errors v0.9.1 h1:FEBLx1zS214owpjy7qsBeixbURkuhQAwrK5UwLGTwt4=
github.com/pkg/errors v0.9.1/go.mod h1:bwawxfHBFNV+L2hUp1rHADufV3IMtnDRdf1r5NINEl0=
github.com/pmezard/go-difflib v1.0.0 h1:4DBwDE0NGyQoBHbLQYPwSUPoCMWR5BEzIk/f1lZbAQM=
github.com/stretchr/testify v1.7.0 h1:nwc3DEeHmmLAfoZucVR881uASk0Mfjw8xYJ99tb5CcY=
go.bug.st/serial v1.4.0 h1:IXHzPVbUBbql66lQZ1iV9LWzGXT5lh6S9gZxHK/KyQE=
go.bug.st/serial v1.4.0/go.mod h1:z8CesKorE90Qr/oRSJiEuvzYRKol9r/anJZEb5kt304=
go4.org/unsafe/assume-no-moving-gc v0.0.0-20211027215541-db492cf91b37 h1:Tx9kY6yUkLge/pFG7IEMwDZy6CS2ajFc9TvQdPCW0uA=
go4.org/unsafe/assume-no-moving-gc v0.0.0-20211027215541-db492cf91b37/go.mod h1:FftLjUGFEDu5k8lt0ddY+HcrH/qU/0qk+H8j9/nTl3E=
golang.org/x/sync v0.0.0-20210220032951-036812b2e83c h1:5KslGYwFpkhGh+Q16bwMP3cOontH8FOep7tGV86Y7SQ=
golang.org/x/sync v0.0.0-20210220032951-036812b2e83c/go.mod h1:RxMgew5VJxzue5/jJTE5uejpjVlOe/izrB70Jof72aM=
golang.org/x/sys v0.0.0-20210823070655-63515b42dcdf h1:2ucpDCmfkl8Bd/FsLtiD653Wf96cW37s+iGx93zsu4k=
golang.org/x/sys v0.0.0-20210823070655-63515b42dcdf/go.mod h1:oPkhp1MJrh7nUepCBck5+mAzfO9JrbApNNgaTdGDITg=
gopkg.in/yaml.v3 v3.0.0-20200313102051-9f266ea9e77c h1:dUUwHk2QECo/6vqA44rthZ8ie2QXMNeKRTHCNY2nXvo=
